
Microsoft Visual Studio Solution File, Format Version 12.00
# Visual Studio 15
VisualStudioVersion = 15.0.28010.2026
MinimumVisualStudioVersion = 10.0.40219.1
Project("{2150E333-8FDC-42A3-9474-1A3956D46DE8}") = "01_Entity", "01_Entity", "{7A45F1FD-6051-431B-A691-233899A4B305}"
EndProject
Project("{2150E333-8FDC-42A3-9474-1A3956D46DE8}") = "02_Infrastructure", "02_Infrastructure", "{EF373938-EB91-42DE-A01C-A7CD0343C313}"
EndProject
Project("{2150E333-8FDC-42A3-9474-1A3956D46DE8}") = "03_Logic", "03_Logic", "{520B145B-E5EA-492B-88AF-C23433CFCE7C}"
EndProject
Project("{2150E333-8FDC-42A3-9474-1A3956D46DE8}") = "04_Rule", "04_Rule", "{BFE7B6C3-E6E2-4049-8DDA-25AA14705964}"
EndProject
Project("{2150E333-8FDC-42A3-9474-1A3956D46DE8}") = "05_Show", "05_Show", "{FD7E38F9-567B-4E1B-907E-D8C89BB4E112}"
EndProject
Project("{FAE04EC0-301F-11D3-BF4B-00C04F79EFBC}") = "Ator.Entity", "Ator.Entity\Ator.Entity.csproj", "{6C878859-0F44-45F9-8A4A-C227CBDFB686}"
EndProject
Project("{FAE04EC0-301F-11D3-BF4B-00C04F79EFBC}") = "Ator.Utility", "Ator.Utility\Ator.Utility.csproj", "{56048250-3D76-4B24-8FB7-959A72DF3B06}"
EndProject
Project("{FAE04EC0-301F-11D3-BF4B-00C04F79EFBC}") = "Ator.Service", "Ator.Service\Ator.Service.csproj", "{018486B7-7EFC-4092-B910-5426B3248310}"
EndProject
Project("{FAE04EC0-301F-11D3-BF4B-00C04F79EFBC}") = "Ator.Repository", "Ator.Repository\Ator.Repository.csproj", "{7D235223-2981-4D0E-B030-B7EEA683B0C4}"
EndProject
Project("{FAE04EC0-301F-11D3-BF4B-00C04F79EFBC}") = "Ator.IService", "Ator.IService\Ator.IService.csproj", "{243FB918-0D06-4851-957A-CE8DCD438E7F}"
EndProject
Project("{FAE04EC0-301F-11D3-BF4B-00C04F79EFBC}") = "Ator.Model", "Ator.Model\Ator.Model.csproj", "{F78E190E-329B-4171-85F2-0FD60E220A14}"
EndProject
Project("{FAE04EC0-301F-11D3-BF4B-00C04F79EFBC}") = "Ator.Common.Web", "Ator.Common.Web\Ator.Common.Web.csproj", "{27C5C716-F109-4EBE-9C88-B3AEE15481C3}"
EndProject
Project("{FAE04EC0-301F-11D3-BF4B-00C04F79EFBC}") = "Ator.Site", "Ator.Site\Ator.Site.csproj", "{C0E26EB2-D2E4-4A85-A98E-F4220879C68F}"
EndProject
Project("{FAE04EC0-301F-11D3-BF4B-00C04F79EFBC}") = "Ator.WebApi", "Ator.WebApi\Ator.WebApi.csproj", "{3CC46838-8F7A-4531-AD2E-ED511647307C}"
EndProject
Project("{FAE04EC0-301F-11D3-BF4B-00C04F79EFBC}") = "Test", "Test\Test.csproj", "{87B98FAF-4956-4091-8FD1-6393C0C15F48}"
EndProject
Global
	GlobalSection(SolutionConfigurationPlatforms) = preSolution
		Debug|Any CPU = Debug|Any CPU
		Release|Any CPU = Release|Any CPU
	EndGlobalSection
	GlobalSection(ProjectConfigurationPlatforms) = postSolution
		{6C878859-0F44-45F9-8A4A-C227CBDFB686}.Debug|Any CPU.ActiveCfg = Debug|Any CPU
		{6C878859-0F44-45F9-8A4A-C227CBDFB686}.Debug|Any CPU.Build.0 = Debug|Any CPU
		{6C878859-0F44-45F9-8A4A-C227CBDFB686}.Release|Any CPU.ActiveCfg = Release|Any CPU
		{6C878859-0F44-45F9-8A4A-C227CBDFB686}.Release|Any CPU.Build.0 = Release|Any CPU
		{56048250-3D76-4B24-8FB7-959A72DF3B06}.Debug|Any CPU.ActiveCfg = Debug|Any CPU
		{56048250-3D76-4B24-8FB7-959A72DF3B06}.Debug|Any CPU.Build.0 = Debug|Any CPU
		{56048250-3D76-4B24-8FB7-959A72DF3B06}.Release|Any CPU.ActiveCfg = Release|Any CPU
		{56048250-3D76-4B24-8FB7-959A72DF3B06}.Release|Any CPU.Build.0 = Release|Any CPU
		{018486B7-7EFC-4092-B910-5426B3248310}.Debug|Any CPU.ActiveCfg = Debug|Any CPU
		{018486B7-7EFC-4092-B910-5426B3248310}.Debug|Any CPU.Build.0 = Debug|Any CPU
		{018486B7-7EFC-4092-B910-5426B3248310}.Release|Any CPU.ActiveCfg = Release|Any CPU
		{018486B7-7EFC-4092-B910-5426B3248310}.Release|Any CPU.Build.0 = Release|Any CPU
		{7D235223-2981-4D0E-B030-B7EEA683B0C4}.Debug|Any CPU.ActiveCfg = Debug|Any CPU
		{7D235223-2981-4D0E-B030-B7EEA683B0C4}.Debug|Any CPU.Build.0 = Debug|Any CPU
		{7D235223-2981-4D0E-B030-B7EEA683B0C4}.Release|Any CPU.ActiveCfg = Release|Any CPU
		{7D235223-2981-4D0E-B030-B7EEA683B0C4}.Release|Any CPU.Build.0 = Release|Any CPU
		{243FB918-0D06-4851-957A-CE8DCD438E7F}.Debug|Any CPU.ActiveCfg = Debug|Any CPU
		{243FB918-0D06-4851-957A-CE8DCD438E7F}.Debug|Any CPU.Build.0 = Debug|Any CPU
		{243FB918-0D06-4851-957A-CE8DCD438E7F}.Release|Any CPU.ActiveCfg = Release|Any CPU
		{243FB918-0D06-4851-957A-CE8DCD438E7F}.Release|Any CPU.Build.0 = Release|Any CPU
		{F78E190E-329B-4171-85F2-0FD60E220A14}.Debug|Any CPU.ActiveCfg = Debug|Any CPU
		{F78E190E-329B-4171-85F2-0FD60E220A14}.Debug|Any CPU.Build.0 = Debug|Any CPU
		{F78E190E-329B-4171-85F2-0FD60E220A14}.Release|Any CPU.ActiveCfg = Release|Any CPU
		{F78E190E-329B-4171-85F2-0FD60E220A14}.Release|Any CPU.Build.0 = Release|Any CPU
		{27C5C716-F109-4EBE-9C88-B3AEE15481C3}.Debug|Any CPU.ActiveCfg = Debug|Any CPU
		{27C5C716-F109-4EBE-9C88-B3AEE15481C3}.Debug|Any CPU.Build.0 = Debug|Any CPU
		{27C5C716-F109-4EBE-9C88-B3AEE15481C3}.Release|Any CPU.ActiveCfg = Release|Any CPU
		{27C5C716-F109-4EBE-9C88-B3AEE15481C3}.Release|Any CPU.Build.0 = Release|Any CPU
		{C0E26EB2-D2E4-4A85-A98E-F4220879C68F}.Debug|Any CPU.ActiveCfg = Debug|Any CPU
		{C0E26EB2-D2E4-4A85-A98E-F4220879C68F}.Debug|Any CPU.Build.0 = Debug|Any CPU
		{C0E26EB2-D2E4-4A85-A98E-F4220879C68F}.Release|Any CPU.ActiveCfg = Release|Any CPU
		{C0E26EB2-D2E4-4A85-A98E-F4220879C68F}.Release|Any CPU.Build.0 = Release|Any CPU
		{3CC46838-8F7A-4531-AD2E-ED511647307C}.Debug|Any CPU.ActiveCfg = Debug|Any CPU
		{3CC46838-8F7A-4531-AD2E-ED511647307C}.Debug|Any CPU.Build.0 = Debug|Any CPU
		{3CC46838-8F7A-4531-AD2E-ED511647307C}.Release|Any CPU.ActiveCfg = Release|Any CPU
		{3CC46838-8F7A-4531-AD2E-ED511647307C}.Release|Any CPU.Build.0 = Release|Any CPU
		{87B98FAF-4956-4091-8FD1-6393C0C15F48}.Debug|Any CPU.ActiveCfg = Debug|Any CPU
		{87B98FAF-4956-4091-8FD1-6393C0C15F48}.Debug|Any CPU.Build.0 = Debug|Any CPU
		{87B98FAF-4956-4091-8FD1-6393C0C15F48}.Release|Any CPU.ActiveCfg = Release|Any CPU
		{87B98FAF-4956-4091-8FD1-6393C0C15F48}.Release|Any CPU.Build.0 = Release|Any CPU
	EndGlobalSection
	GlobalSection(SolutionProperties) = preSolution
		HideSolutionNode = FALSE
	EndGlobalSection
	GlobalSection(NestedProjects) = preSolution
		{6C878859-0F44-45F9-8A4A-C227CBDFB686} = {7A45F1FD-6051-431B-A691-233899A4B305}
		{56048250-3D76-4B24-8FB7-959A72DF3B06} = {EF373938-EB91-42DE-A01C-A7CD0343C313}
		{018486B7-7EFC-4092-B910-5426B3248310} = {520B145B-E5EA-492B-88AF-C23433CFCE7C}
		{7D235223-2981-4D0E-B030-B7EEA683B0C4} = {520B145B-E5EA-492B-88AF-C23433CFCE7C}
		{243FB918-0D06-4851-957A-CE8DCD438E7F} = {BFE7B6C3-E6E2-4049-8DDA-25AA14705964}
		{F78E190E-329B-4171-85F2-0FD60E220A14} = {BFE7B6C3-E6E2-4049-8DDA-25AA14705964}
		{27C5C716-F109-4EBE-9C88-B3AEE15481C3} = {FD7E38F9-567B-4E1B-907E-D8C89BB4E112}
		{C0E26EB2-D2E4-4A85-A98E-F4220879C68F} = {FD7E38F9-567B-4E1B-907E-D8C89BB4E112}
		{3CC46838-8F7A-4531-AD2E-ED511647307C} = {FD7E38F9-567B-4E1B-907E-D8C89BB4E112}
		{87B98FAF-4956-4091-8FD1-6393C0C15F48} = {FD7E38F9-567B-4E1B-907E-D8C89BB4E112}
	EndGlobalSection
	GlobalSection(ExtensibilityGlobals) = postSolution
		SolutionGuid = {C9D59483-AB5D-4157-9B7F-FC2E43FA1047}
	EndGlobalSection
EndGlobal
